
Microsoft Visual Studio Solution File, Format Version 12.00
# Visual Studio Version 16
VisualStudioVersion = 16.0.29806.167
MinimumVisualStudioVersion = 10.0.40219.1
Project("{9A19103F-16F7-4668-BE54-9A1E7A4F7556}") = "ToDoApp", "ToDoApp\ToDoApp.csproj", "{3F33A81E-1B2C-471F-B192-40313F1BC2D5}"
EndProject
Project("{FAE04EC0-301F-11D3-BF4B-00C04F79EFBC}") = "ToDoApp.Domain", "ToDoApp.Domain\ToDoApp.Domain.csproj", "{87876295-BB36-4847-9BEC-459B5560634B}"
EndProject
Project("{FAE04EC0-301F-11D3-BF4B-00C04F79EFBC}") = "ToDoApp.Service", "ToDoApp.Service\ToDoApp.Service.csproj", "{E3EE2033-BB0D-48E2-A2B5-9E5EB6979067}"
EndProject
Global
	GlobalSection(SolutionConfigurationPlatforms) = preSolution
		Debug|Any CPU = Debug|Any CPU
		Release|Any CPU = Release|Any CPU
	EndGlobalSection
	GlobalSection(ProjectConfigurationPlatforms) = postSolution
		{3F33A81E-1B2C-471F-B192-40313F1BC2D5}.Debug|Any CPU.ActiveCfg = Debug|Any CPU
		{3F33A81E-1B2C-471F-B192-40313F1BC2D5}.Debug|Any CPU.Build.0 = Debug|Any CPU
		{3F33A81E-1B2C-471F-B192-40313F1BC2D5}.Release|Any CPU.ActiveCfg = Release|Any CPU
		{3F33A81E-1B2C-471F-B192-40313F1BC2D5}.Release|Any CPU.Build.0 = Release|Any CPU
		{87876295-BB36-4847-9BEC-459B5560634B}.Debug|Any CPU.ActiveCfg = Debug|Any CPU
		{87876295-BB36-4847-9BEC-459B5560634B}.Debug|Any CPU.Build.0 = Debug|Any CPU
		{87876295-BB36-4847-9BEC-459B5560634B}.Release|Any CPU.ActiveCfg = Release|Any CPU
		{87876295-BB36-4847-9BEC-459B5560634B}.Release|Any CPU.Build.0 = Release|Any CPU
		{E3EE2033-BB0D-48E2-A2B5-9E5EB6979067}.Debug|Any CPU.ActiveCfg = Debug|Any CPU
		{E3EE2033-BB0D-48E2-A2B5-9E5EB6979067}.Debug|Any CPU.Build.0 = Debug|Any CPU
		{E3EE2033-BB0D-48E2-A2B5-9E5EB6979067}.Release|Any CPU.ActiveCfg = Release|Any CPU
		{E3EE2033-BB0D-48E2-A2B5-9E5EB6979067}.Release|Any CPU.Build.0 = Release|Any CPU
	EndGlobalSection
	GlobalSection(SolutionProperties) = preSolution
		HideSolutionNode = FALSE
	EndGlobalSection
	GlobalSection(ExtensibilityGlobals) = postSolution
		SolutionGuid = {FDD87CA1-DA4F-4AE5-AF00-D94F0792E3F0}
	EndGlobalSection
EndGlobal
